
Microsoft Visual Studio Solution File, Format Version 11.00
# Visual Studio 2010
Project("{FAE04EC0-301F-11D3-BF4B-00C04F79EFBC}") = "Assembly-CSharp", "Assembly-CSharp.csproj", "{aa33d18b-fc96-e103-c1ac-fd63c8d749ab}"
EndProject
Project("{FAE04EC0-301F-11D3-BF4B-00C04F79EFBC}") = "CFXRRuntime", "CFXRRuntime.csproj", "{3721a0b7-4292-2c02-3489-ce42b7ecb823}"
EndProject
Project("{FAE04EC0-301F-11D3-BF4B-00C04F79EFBC}") = "CFXREditor", "CFXREditor.csproj", "{d319e1d3-a802-daa9-3fb6-7fe31a2c6e1c}"
EndProject
Global
	GlobalSection(SolutionConfigurationPlatforms) = preSolution
		Debug|Any CPU = Debug|Any CPU
	EndGlobalSection
	GlobalSection(ProjectConfigurationPlatforms) = postSolution
		{aa33d18b-fc96-e103-c1ac-fd63c8d749ab}.Debug|Any CPU.ActiveCfg = Debug|Any CPU
		{aa33d18b-fc96-e103-c1ac-fd63c8d749ab}.Debug|Any CPU.Build.0 = Debug|Any CPU
		{3721a0b7-4292-2c02-3489-ce42b7ecb823}.Debug|Any CPU.ActiveCfg = Debug|Any CPU
		{3721a0b7-4292-2c02-3489-ce42b7ecb823}.Debug|Any CPU.Build.0 = Debug|Any CPU
		{d319e1d3-a802-daa9-3fb6-7fe31a2c6e1c}.Debug|Any CPU.ActiveCfg = Debug|Any CPU
		{d319e1d3-a802-daa9-3fb6-7fe31a2c6e1c}.Debug|Any CPU.Build.0 = Debug|Any CPU
	EndGlobalSection
	GlobalSection(SolutionProperties) = preSolution
		HideSolutionNode = FALSE
	EndGlobalSection
EndGlobal
